
Microsoft Visual Studio Solution File, Format Version 12.00
# Visual Studio 15
VisualStudioVersion = 15.0.26228.4
MinimumVisualStudioVersion = 10.0.40219.1
Project("{FAE04EC0-301F-11D3-BF4B-00C04F79EFBC}") = "INIfier.Bepin", "INIfier\INIfier.Bepin.csproj", "{03363221-2E20-46FA-B3F5-3954FF07B662}"
EndProject
Global
	GlobalSection(SolutionConfigurationPlatforms) = preSolution
		Debug|Any CPU = Debug|Any CPU
		Release|Any CPU = Release|Any CPU
	EndGlobalSection
	GlobalSection(ProjectConfigurationPlatforms) = postSolution
		{03363221-2E20-46FA-B3F5-3954FF07B662}.Debug|Any CPU.ActiveCfg = Debug|Any CPU
		{03363221-2E20-46FA-B3F5-3954FF07B662}.Debug|Any CPU.Build.0 = Debug|Any CPU
		{03363221-2E20-46FA-B3F5-3954FF07B662}.Release|Any CPU.ActiveCfg = Release|Any CPU
		{03363221-2E20-46FA-B3F5-3954FF07B662}.Release|Any CPU.Build.0 = Release|Any CPU
	EndGlobalSection
	GlobalSection(SolutionProperties) = preSolution
		HideSolutionNode = FALSE
	EndGlobalSection
	GlobalSection(ExtensibilityGlobals) = postSolution
		SolutionGuid = {50510FE4-C98C-4C86-959C-13C2EA4A921B}
	EndGlobalSection
EndGlobal
